// !$*UTF8*$!
{
	archiveVersion = 1;
	classes = {
	};
	objectVersion = 46;
	objects = {

/* Begin PBXBuildFile section */
		D8423BC919219E0200E64C48 /* Foundation.framework in Frameworks */ = {isa = PBXBuildFile; fileRef = D8423BC819219E0200E64C48 /* Foundation.framework */; };
		D8423BCB19219E0200E64C48 /* CoreGraphics.framework in Frameworks */ = {isa = PBXBuildFile; fileRef = D8423BCA19219E0200E64C48 /* CoreGraphics.framework */; };
		D8423BCD19219E0200E64C48 /* UIKit.framework in Frameworks */ = {isa = PBXBuildFile; fileRef = D8423BCC19219E0200E64C48 /* UIKit.framework */; };
		D8423BD319219E0200E64C48 /* InfoPlist.strings in Resources */ = {isa = PBXBuildFile; fileRef = D8423BD119219E0200E64C48 /* InfoPlist.strings */; };
		D8423BD519219E0200E64C48 /* main.m in Sources */ = {isa = PBXBuildFile; fileRef = D8423BD419219E0200E64C48 /* main.m */; };
		D8423BD919219E0200E64C48 /* YEAppDelegate.m in Sources */ = {isa = PBXBuildFile; fileRef = D8423BD819219E0200E64C48 /* YEAppDelegate.m */; };
		D8423BDC19219E0200E64C48 /* Main_iPhone.storyboard in Resources */ = {isa = PBXBuildFile; fileRef = D8423BDA19219E0200E64C48 /* Main_iPhone.storyboard */; };
		D8423BDF19219E0200E64C48 /* Main_iPad.storyboard in Resources */ = {isa = PBXBuildFile; fileRef = D8423BDD19219E0200E64C48 /* Main_iPad.storyboard */; };
		D8423BE219219E0200E64C48 /* YEViewController.m in Sources */ = {isa = PBXBuildFile; fileRef = D8423BE119219E0200E64C48 /* YEViewController.m */; };
		D8423BE419219E0200E64C48 /* Images.xcassets in Resources */ = {isa = PBXBuildFile; fileRef = D8423BE319219E0200E64C48 /* Images.xcassets */; };
		D8423BEB19219E0200E64C48 /* XCTest.framework in Frameworks */ = {isa = PBXBuildFile; fileRef = D8423BEA19219E0200E64C48 /* XCTest.framework */; };
		D8423BEC19219E0200E64C48 /* Foundation.framework in Frameworks */ = {isa = PBXBuildFile; fileRef = D8423BC819219E0200E64C48 /* Foundation.framework */; };
		D8423BED19219E0200E64C48 /* UIKit.framework in Frameworks */ = {isa = PBXBuildFile; fileRef = D8423BCC19219E0200E64C48 /* UIKit.framework */; };
		D8423BF519219E0200E64C48 /* InfoPlist.strings in Resources */ = {isa = PBXBuildFile; fileRef = D8423BF319219E0200E64C48 /* InfoPlist.strings */; };
		D8423BF719219E0200E64C48 /* PicnicTests.m in Sources */ = {isa = PBXBuildFile; fileRef = D8423BF619219E0200E64C48 /* PicnicTests.m */; };
		D8423C0119219E8F00E64C48 /* FacebookSDK.framework in Frameworks */ = {isa = PBXBuildFile; fileRef = D8423C0019219E8F00E64C48 /* FacebookSDK.framework */; };
		D8423C0319219E9B00E64C48 /* Parse.framework in Frameworks */ = {isa = PBXBuildFile; fileRef = D8423C0219219E9B00E64C48 /* Parse.framework */; };
		D8423C0519219EBC00E64C48 /* AudioToolbox.framework in Frameworks */ = {isa = PBXBuildFile; fileRef = D8423C0419219EBC00E64C48 /* AudioToolbox.framework */; };
		D8423C0719219EC100E64C48 /* CFNetwork.framework in Frameworks */ = {isa = PBXBuildFile; fileRef = D8423C0619219EC100E64C48 /* CFNetwork.framework */; };
		D8423C0919219EC600E64C48 /* CoreLocation.framework in Frameworks */ = {isa = PBXBuildFile; fileRef = D8423C0819219EC600E64C48 /* CoreLocation.framework */; };
		D8423C0B19219ED300E64C48 /* libz.dylib in Frameworks */ = {isa = PBXBuildFile; fileRef = D8423C0A19219ED300E64C48 /* libz.dylib */; };
		D8423C0D19219ED900E64C48 /* MobileCoreServices.framework in Frameworks */ = {isa = PBXBuildFile; fileRef = D8423C0C19219ED900E64C48 /* MobileCoreServices.framework */; };
		D8423C0F19219EDE00E64C48 /* Security.framework in Frameworks */ = {isa = PBXBuildFile; fileRef = D8423C0E19219EDE00E64C48 /* Security.framework */; };
		D8423C1119219EE700E64C48 /* StoreKit.framework in Frameworks */ = {isa = PBXBuildFile; fileRef = D8423C1019219EE700E64C48 /* StoreKit.framework */; };
		D8423C1319219EEE00E64C48 /* SystemConfiguration.framework in Frameworks */ = {isa = PBXBuildFile; fileRef = D8423C1219219EEE00E64C48 /* SystemConfiguration.framework */; };
/* End PBXBuildFile section */

/* Begin PBXContainerItemProxy section */
		D8423BEE19219E0200E64C48 /* PBXContainerItemProxy */ = {
			isa = PBXContainerItemProxy;
			containerPortal = D8423BBD19219E0200E64C48 /* Project object */;
			proxyType = 1;
			remoteGlobalIDString = D8423BC419219E0200E64C48;
			remoteInfo = Picnic;
		};
/* End PBXContainerItemProxy section */

/* Begin PBXFileReference section */
		D8423BC519219E0200E64C48 /* Picnic.app */ = {isa = PBXFileReference; explicitFileType = wrapper.application; includeInIndex = 0; path = Picnic.app; sourceTree = BUILT_PRODUCTS_DIR; };
		D8423BC819219E0200E64C48 /* Foundation.framework */ = {isa = PBXFileReference; lastKnownFileType = wrapper.framework; name = Foundation.framework; path = System/Library/Frameworks/Foundation.framework; sourceTree = SDKROOT; };
		D8423BCA19219E0200E64C48 /* CoreGraphics.framework */ = {isa = PBXFileReference; lastKnownFileType = wrapper.framework; name = CoreGraphics.framework; path = System/Library/Frameworks/CoreGraphics.framework; sourceTree = SDKROOT; };
		D8423BCC19219E0200E64C48 /* UIKit.framework */ = {isa = PBXFileReference; lastKnownFileType = wrapper.framework; name = UIKit.framework; path = System/Library/Frameworks/UIKit.framework; sourceTree = SDKROOT; };
		D8423BD019219E0200E64C48 /* Picnic-Info.plist */ = {isa = PBXFileReference; lastKnownFileType = text.plist.xml; path = "Picnic-Info.plist"; sourceTree = "<group>"; };
		D8423BD219219E0200E64C48 /* en */ = {isa = PBXFileReference; lastKnownFileType = text.plist.strings; name = en; path = en.lproj/InfoPlist.strings; sourceTree = "<group>"; };
		D8423BD419219E0200E64C48 /* main.m */ = {isa = PBXFileReference; lastKnownFileType = sourcecode.c.objc; path = main.m; sourceTree = "<group>"; };
		D8423BD619219E0200E64C48 /* Picnic-Prefix.pch */ = {isa = PBXFileReference; lastKnownFileType = sourcecode.c.h; path = "Picnic-Prefix.pch"; sourceTree = "<group>"; };
		D8423BD719219E0200E64C48 /* YEAppDelegate.h */ = {isa = PBXFileReference; lastKnownFileType = sourcecode.c.h; path = YEAppDelegate.h; sourceTree = "<group>"; };
		D8423BD819219E0200E64C48 /* YEAppDelegate.m */ = {isa = PBXFileReference; lastKnownFileType = sourcecode.c.objc; path = YEAppDelegate.m; sourceTree = "<group>"; };
		D8423BDB19219E0200E64C48 /* Base */ = {isa = PBXFileReference; lastKnownFileType = file.storyboard; name = Base; path = Base.lproj/Main_iPhone.storyboard; sourceTree = "<group>"; };
		D8423BDE19219E0200E64C48 /* Base */ = {isa = PBXFileReference; lastKnownFileType = file.storyboard; name = Base; path = Base.lproj/Main_iPad.storyboard; sourceTree = "<group>"; };
		D8423BE019219E0200E64C48 /* YEViewController.h */ = {isa = PBXFileReference; lastKnownFileType = sourcecode.c.h; path = YEViewController.h; sourceTree = "<group>"; };
		D8423BE119219E0200E64C48 /* YEViewController.m */ = {isa = PBXFileReference; lastKnownFileType = sourcecode.c.objc; path = YEViewController.m; sourceTree = "<group>"; };
		D8423BE319219E0200E64C48 /* Images.xcassets */ = {isa = PBXFileReference; lastKnownFileType = folder.assetcatalog; path = Images.xcassets; sourceTree = "<group>"; };
		D8423BE919219E0200E64C48 /* PicnicTests.xctest */ = {isa = PBXFileReference; explicitFileType = wrapper.cfbundle; includeInIndex = 0; path = PicnicTests.xctest; sourceTree = BUILT_PRODUCTS_DIR; };
		D8423BEA19219E0200E64C48 /* XCTest.framework */ = {isa = PBXFileReference; lastKnownFileType = wrapper.framework; name = XCTest.framework; path = Library/Frameworks/XCTest.framework; sourceTree = DEVELOPER_DIR; };
		D8423BF219219E0200E64C48 /* PicnicTests-Info.plist */ = {isa = PBXFileReference; lastKnownFileType = text.plist.xml; path = "PicnicTests-Info.plist"; sourceTree = "<group>"; };
		D8423BF419219E0200E64C48 /* en */ = {isa = PBXFileReference; lastKnownFileType = text.plist.strings; name = en; path = en.lproj/InfoPlist.strings; sourceTree = "<group>"; };
		D8423BF619219E0200E64C48 /* PicnicTests.m */ = {isa = PBXFileReference; lastKnownFileType = sourcecode.c.objc; path = PicnicTests.m; sourceTree = "<group>"; };
		D8423C0019219E8F00E64C48 /* FacebookSDK.framework */ = {isa = PBXFileReference; lastKnownFileType = wrapper.framework; name = FacebookSDK.framework; path = ../Frameworks/FacebookSDK/FacebookSDK.framework; sourceTree = "<group>"; };
		D8423C0219219E9B00E64C48 /* Parse.framework */ = {isa = PBXFileReference; lastKnownFileType = wrapper.framework; name = Parse.framework; path = ../Frameworks/Parse.framework; sourceTree = "<group>"; };
		D8423C0419219EBC00E64C48 /* AudioToolbox.framework */ = {isa = PBXFileReference; lastKnownFileType = wrapper.framework; name = AudioToolbox.framework; path = System/Library/Frameworks/AudioToolbox.framework; sourceTree = SDKROOT; };
		D8423C0619219EC100E64C48 /* CFNetwork.framework */ = {isa = PBXFileReference; lastKnownFileType = wrapper.framework; name = CFNetwork.framework; path = System/Library/Frameworks/CFNetwork.framework; sourceTree = SDKROOT; };
		D8423C0819219EC600E64C48 /* CoreLocation.framework */ = {isa = PBXFileReference; lastKnownFileType = wrapper.framework; name = CoreLocation.framework; path = System/Library/Frameworks/CoreLocation.framework; sourceTree = SDKROOT; };
		D8423C0A19219ED300E64C48 /* libz.dylib */ = {isa = PBXFileReference; lastKnownFileType = "compiled.mach-o.dylib"; name = libz.dylib; path = usr/lib/libz.dylib; sourceTree = SDKROOT; };
		D8423C0C19219ED900E64C48 /* MobileCoreServices.framework */ = {isa = PBXFileReference; lastKnownFileType = wrapper.framework; name = MobileCoreServices.framework; path = System/Library/Frameworks/MobileCoreServices.framework; sourceTree = SDKROOT; };
		D8423C0E19219EDE00E64C48 /* Security.framework */ = {isa = PBXFileReference; lastKnownFileType = wrapper.framework; name = Security.framework; path = System/Library/Frameworks/Security.framework; sourceTree = SDKROOT; };
		D8423C1019219EE700E64C48 /* StoreKit.framework */ = {isa = PBXFileReference; lastKnownFileType = wrapper.framework; name = StoreKit.framework; path = System/Library/Frameworks/StoreKit.framework; sourceTree = SDKROOT; };
		D8423C1219219EEE00E64C48 /* SystemConfiguration.framework */ = {isa = PBXFileReference; lastKnownFileType = wrapper.framework; name = SystemConfiguration.framework; path = System/Library/Frameworks/SystemConfiguration.framework; sourceTree = SDKROOT; };
/* End PBXFileReference section */

/* Begin PBXFrameworksBuildPhase section */
		D8423BC219219E0200E64C48 /* Frameworks */ = {
			isa = PBXFrameworksBuildPhase;
			buildActionMask = 2147483647;
			files = (
				D8423C1319219EEE00E64C48 /* SystemConfiguration.framework in Frameworks */,
				D8423C1119219EE700E64C48 /* StoreKit.framework in Frameworks */,
				D8423C0F19219EDE00E64C48 /* Security.framework in Frameworks */,
				D8423C0D19219ED900E64C48 /* MobileCoreServices.framework in Frameworks */,
				D8423C0B19219ED300E64C48 /* libz.dylib in Frameworks */,
				D8423C0919219EC600E64C48 /* CoreLocation.framework in Frameworks */,
				D8423C0719219EC100E64C48 /* CFNetwork.framework in Frameworks */,
				D8423C0519219EBC00E64C48 /* AudioToolbox.framework in Frameworks */,
				D8423BCB19219E0200E64C48 /* CoreGraphics.framework in Frameworks */,
				D8423C0119219E8F00E64C48 /* FacebookSDK.framework in Frameworks */,
				D8423BCD19219E0200E64C48 /* UIKit.framework in Frameworks */,
				D8423BC919219E0200E64C48 /* Foundation.framework in Frameworks */,
				D8423C0319219E9B00E64C48 /* Parse.framework in Frameworks */,
			);
			runOnlyForDeploymentPostprocessing = 0;
		};
		D8423BE619219E0200E64C48 /* Frameworks */ = {
			isa = PBXFrameworksBuildPhase;
			buildActionMask = 2147483647;
			files = (
				D8423BEB19219E0200E64C48 /* XCTest.framework in Frameworks */,
				D8423BED19219E0200E64C48 /* UIKit.framework in Frameworks */,
				D8423BEC19219E0200E64C48 /* Foundation.framework in Frameworks */,
			);
			runOnlyForDeploymentPostprocessing = 0;
		};
/* End PBXFrameworksBuildPhase section */

/* Begin PBXGroup section */
		D8423BBC19219E0200E64C48 = {
			isa = PBXGroup;
			children = (
				D8423BCE19219E0200E64C48 /* Picnic */,
				D8423BF019219E0200E64C48 /* PicnicTests */,
				D8423BC719219E0200E64C48 /* Frameworks */,
				D8423BC619219E0200E64C48 /* Products */,
			);
			sourceTree = "<group>";
		};
		D8423BC619219E0200E64C48 /* Products */ = {
			isa = PBXGroup;
			children = (
				D8423BC519219E0200E64C48 /* Picnic.app */,
				D8423BE919219E0200E64C48 /* PicnicTests.xctest */,
			);
			name = Products;
			sourceTree = "<group>";
		};
		D8423BC719219E0200E64C48 /* Frameworks */ = {
			isa = PBXGroup;
			children = (
				D8423C0219219E9B00E64C48 /* Parse.framework */,
				D8423C0019219E8F00E64C48 /* FacebookSDK.framework */,
				D8423C1219219EEE00E64C48 /* SystemConfiguration.framework */,
				D8423C1019219EE700E64C48 /* StoreKit.framework */,
				D8423C0E19219EDE00E64C48 /* Security.framework */,
				D8423C0C19219ED900E64C48 /* MobileCoreServices.framework */,
				D8423C0A19219ED300E64C48 /* libz.dylib */,
				D8423C0819219EC600E64C48 /* CoreLocation.framework */,
				D8423C0619219EC100E64C48 /* CFNetwork.framework */,
				D8423C0419219EBC00E64C48 /* AudioToolbox.framework */,
				D8423BC819219E0200E64C48 /* Foundation.framework */,
				D8423BCA19219E0200E64C48 /* CoreGraphics.framework */,
				D8423BCC19219E0200E64C48 /* UIKit.framework */,
				D8423BEA19219E0200E64C48 /* XCTest.framework */,
			);
			name = Frameworks;
			sourceTree = "<group>";
		};
		D8423BCE19219E0200E64C48 /* Picnic */ = {
			isa = PBXGroup;
			children = (
				D8423BD719219E0200E64C48 /* YEAppDelegate.h */,
				D8423BD819219E0200E64C48 /* YEAppDelegate.m */,
				D8423BE019219E0200E64C48 /* YEViewController.h */,
				D8423BE119219E0200E64C48 /* YEViewController.m */,
				D8423BCF19219E0200E64C48 /* Supporting Files */,
			);
			path = Picnic;
			sourceTree = "<group>";
		};
		D8423BCF19219E0200E64C48 /* Supporting Files */ = {
			isa = PBXGroup;
			children = (
				D8423BDA19219E0200E64C48 /* Main_iPhone.storyboard */,
				D8423BDD19219E0200E64C48 /* Main_iPad.storyboard */,
				D8423BE319219E0200E64C48 /* Images.xcassets */,
				D8423BD019219E0200E64C48 /* Picnic-Info.plist */,
				D8423BD119219E0200E64C48 /* InfoPlist.strings */,
				D8423BD419219E0200E64C48 /* main.m */,
				D8423BD619219E0200E64C48 /* Picnic-Prefix.pch */,
			);
			name = "Supporting Files";
			sourceTree = "<group>";
		};
		D8423BF019219E0200E64C48 /* PicnicTests */ = {
			isa = PBXGroup;
			children = (
				D8423BF619219E0200E64C48 /* PicnicTests.m */,
				D8423BF119219E0200E64C48 /* Supporting Files */,
			);
			path = PicnicTests;
			sourceTree = "<group>";
		};
		D8423BF119219E0200E64C48 /* Supporting Files */ = {
			isa = PBXGroup;
			children = (
				D8423BF219219E0200E64C48 /* PicnicTests-Info.plist */,
				D8423BF319219E0200E64C48 /* InfoPlist.strings */,
			);
			name = "Supporting Files";
			sourceTree = "<group>";
		};
/* End PBXGroup section */

/* Begin PBXNativeTarget section */
		D8423BC419219E0200E64C48 /* Picnic */ = {
			isa = PBXNativeTarget;
			buildConfigurationList = D8423BFA19219E0200E64C48 /* Build configuration list for PBXNativeTarget "Picnic" */;
			buildPhases = (
				D8423BC119219E0200E64C48 /* Sources */,
				D8423BC219219E0200E64C48 /* Frameworks */,
				D8423BC319219E0200E64C48 /* Resources */,
			);
			buildRules = (
			);
			dependencies = (
			);
			name = Picnic;
			productName = Picnic;
			productReference = D8423BC519219E0200E64C48 /* Picnic.app */;
			productType = "com.apple.product-type.application";
		};
		D8423BE819219E0200E64C48 /* PicnicTests */ = {
			isa = PBXNativeTarget;
			buildConfigurationList = D8423BFD19219E0200E64C48 /* Build configuration list for PBXNativeTarget "PicnicTests" */;
			buildPhases = (
				D8423BE519219E0200E64C48 /* Sources */,
				D8423BE619219E0200E64C48 /* Frameworks */,
				D8423BE719219E0200E64C48 /* Resources */,
			);
			buildRules = (
			);
			dependencies = (
				D8423BEF19219E0200E64C48 /* PBXTargetDependency */,
			);
			name = PicnicTests;
			productName = PicnicTests;
			productReference = D8423BE919219E0200E64C48 /* PicnicTests.xctest */;
			productType = "com.apple.product-type.bundle.unit-test";
		};
/* End PBXNativeTarget section */

/* Begin PBXProject section */
		D8423BBD19219E0200E64C48 /* Project object */ = {
			isa = PBXProject;
			attributes = {
				CLASSPREFIX = YE;
				LastUpgradeCheck = 0510;
				ORGANIZATIONNAME = com.yestevez;
				TargetAttributes = {
					D8423BE819219E0200E64C48 = {
						TestTargetID = D8423BC419219E0200E64C48;
					};
				};
			};
			buildConfigurationList = D8423BC019219E0200E64C48 /* Build configuration list for PBXProject "Picnic" */;
			compatibilityVersion = "Xcode 3.2";
			developmentRegion = English;
			hasScannedForEncodings = 0;
			knownRegions = (
				en,
				Base,
			);
			mainGroup = D8423BBC19219E0200E64C48;
			productRefGroup = D8423BC619219E0200E64C48 /* Products */;
			projectDirPath = "";
			projectRoot = "";
			targets = (
				D8423BC419219E0200E64C48 /* Picnic */,
				D8423BE819219E0200E64C48 /* PicnicTests */,
			);
		};
/* End PBXProject section */

/* Begin PBXResourcesBuildPhase section */
		D8423BC319219E0200E64C48 /* Resources */ = {
			isa = PBXResourcesBuildPhase;
			buildActionMask = 2147483647;
			files = (
				D8423BDF19219E0200E64C48 /* Main_iPad.storyboard in Resources */,
				D8423BE419219E0200E64C48 /* Images.xcassets in Resources */,
				D8423BDC19219E0200E64C48 /* Main_iPhone.storyboard in Resources */,
				D8423BD319219E0200E64C48 /* InfoPlist.strings in Resources */,
			);
			runOnlyForDeploymentPostprocessing = 0;
		};
		D8423BE719219E0200E64C48 /* Resources */ = {
			isa = PBXResourcesBuildPhase;
			buildActionMask = 2147483647;
			files = (
				D8423BF519219E0200E64C48 /* InfoPlist.strings in Resources */,
			);
			runOnlyForDeploymentPostprocessing = 0;
		};
/* End PBXResourcesBuildPhase section */

/* Begin PBXSourcesBuildPhase section */
		D8423BC119219E0200E64C48 /* Sources */ = {
			isa = PBXSourcesBuildPhase;
			buildActionMask = 2147483647;
			files = (
				D8423BD919219E0200E64C48 /* YEAppDelegate.m in Sources */,
				D8423BE219219E0200E64C48 /* YEViewController.m in Sources */,
				D8423BD519219E0200E64C48 /* main.m in Sources */,
			);
			runOnlyForDeploymentPostprocessing = 0;
		};
		D8423BE519219E0200E64C48 /* Sources */ = {
			isa = PBXSourcesBuildPhase;
			buildActionMask = 2147483647;
			files = (
				D8423BF719219E0200E64C48 /* PicnicTests.m in Sources */,
			);
			runOnlyForDeploymentPostprocessing = 0;
		};
/* End PBXSourcesBuildPhase section */

/* Begin PBXTargetDependency section */
		D8423BEF19219E0200E64C48 /* PBXTargetDependency */ = {
			isa = PBXTargetDependency;
			target = D8423BC419219E0200E64C48 /* Picnic */;
			targetProxy = D8423BEE19219E0200E64C48 /* PBXContainerItemProxy */;
		};
/* End PBXTargetDependency section */

/* Begin PBXVariantGroup section */
		D8423BD119219E0200E64C48 /* InfoPlist.strings */ = {
			isa = PBXVariantGroup;
			children = (
				D8423BD219219E0200E64C48 /* en */,
			);
			name = InfoPlist.strings;
			sourceTree = "<group>";
		};
		D8423BDA19219E0200E64C48 /* Main_iPhone.storyboard */ = {
			isa = PBXVariantGroup;
			children = (
				D8423BDB19219E0200E64C48 /* Base */,
			);
			name = Main_iPhone.storyboard;
			sourceTree = "<group>";
		};
		D8423BDD19219E0200E64C48 /* Main_iPad.storyboard */ = {
			isa = PBXVariantGroup;
			children = (
				D8423BDE19219E0200E64C48 /* Base */,
			);
			name = Main_iPad.storyboard;
			sourceTree = "<group>";
		};
		D8423BF319219E0200E64C48 /* InfoPlist.strings */ = {
			isa = PBXVariantGroup;
			children = (
				D8423BF419219E0200E64C48 /* en */,
			);
			name = InfoPlist.strings;
			sourceTree = "<group>";
		};
/* End PBXVariantGroup section */

/* Begin XCBuildConfiguration section */
		D8423BF819219E0200E64C48 /* Debug */ = {
			isa = XCBuildConfiguration;
			buildSettings = {
				ALWAYS_SEARCH_USER_PATHS = NO;
				CLANG_CXX_LANGUAGE_STANDARD = "gnu++0x";
				CLANG_CXX_LIBRARY = "libc++";
				CLANG_ENABLE_MODULES = YES;
				CLANG_ENABLE_OBJC_ARC = YES;
				CLANG_WARN_BOOL_CONVERSION = YES;
				CLANG_WARN_CONSTANT_CONVERSION = YES;
				CLANG_WARN_DIRECT_OBJC_ISA_USAGE = YES_ERROR;
				CLANG_WARN_EMPTY_BODY = YES;
				CLANG_WARN_ENUM_CONVERSION = YES;
				CLANG_WARN_INT_CONVERSION = YES;
				CLANG_WARN_OBJC_ROOT_CLASS = YES_ERROR;
				CLANG_WARN__DUPLICATE_METHOD_MATCH = YES;
				"CODE_SIGN_IDENTITY[sdk=iphoneos*]" = "iPhone Developer";
				COPY_PHASE_STRIP = NO;
				GCC_C_LANGUAGE_STANDARD = gnu99;
				GCC_DYNAMIC_NO_PIC = NO;
				GCC_OPTIMIZATION_LEVEL = 0;
				GCC_PREPROCESSOR_DEFINITIONS = (
					"DEBUG=1",
					"$(inherited)",
				);
				GCC_SYMBOLS_PRIVATE_EXTERN = NO;
				GCC_WARN_64_TO_32_BIT_CONVERSION = YES;
				GCC_WARN_ABOUT_RETURN_TYPE = YES_ERROR;
				GCC_WARN_UNDECLARED_SELECTOR = YES;
				GCC_WARN_UNINITIALIZED_AUTOS = YES_AGGRESSIVE;
				GCC_WARN_UNUSED_FUNCTION = YES;
				GCC_WARN_UNUSED_VARIABLE = YES;
				IPHONEOS_DEPLOYMENT_TARGET = 7.1;
				ONLY_ACTIVE_ARCH = YES;
				SDKROOT = iphoneos;
				TARGETED_DEVICE_FAMILY = "1,2";
			};
			name = Debug;
		};
		D8423BF919219E0200E64C48 /* Release */ = {
			isa = XCBuildConfiguration;
			buildSettings = {
				ALWAYS_SEARCH_USER_PATHS = NO;
				CLANG_CXX_LANGUAGE_STANDARD = "gnu++0x";
				CLANG_CXX_LIBRARY = "libc++";
				CLANG_ENABLE_MODULES = YES;
				CLANG_ENABLE_OBJC_ARC = YES;
				CLANG_WARN_BOOL_CONVERSION = YES;
				CLANG_WARN_CONSTANT_CONVERSION = YES;
				CLANG_WARN_DIRECT_OBJC_ISA_USAGE = YES_ERROR;
				CLANG_WARN_EMPTY_BODY = YES;
				CLANG_WARN_ENUM_CONVERSION = YES;
				CLANG_WARN_INT_CONVERSION = YES;
				CLANG_WARN_OBJC_ROOT_CLASS = YES_ERROR;
				CLANG_WARN__DUPLICATE_METHOD_MATCH = YES;
				"CODE_SIGN_IDENTITY[sdk=iphoneos*]" = "iPhone Developer";
				COPY_PHASE_STRIP = YES;
				ENABLE_NS_ASSERTIONS = NO;
				GCC_C_LANGUAGE_STANDARD = gnu99;
				GCC_WARN_64_TO_32_BIT_CONVERSION = YES;
				GCC_WARN_ABOUT_RETURN_TYPE = YES_ERROR;
				GCC_WARN_UNDECLARED_SELECTOR = YES;
				GCC_WARN_UNINITIALIZED_AUTOS = YES_AGGRESSIVE;
				GCC_WARN_UNUSED_FUNCTION = YES;
				GCC_WARN_UNUSED_VARIABLE = YES;
				IPHONEOS_DEPLOYMENT_TARGET = 7.1;
				SDKROOT = iphoneos;
				TARGETED_DEVICE_FAMILY = "1,2";
				VALIDATE_PRODUCT = YES;
			};
			name = Release;
		};
		D8423BFB19219E0200E64C48 /* Debug */ = {
			isa = XCBuildConfiguration;
			buildSettings = {
				ASSETCATALOG_COMPILER_APPICON_NAME = AppIcon;
				ASSETCATALOG_COMPILER_LAUNCHIMAGE_NAME = LaunchImage;
				FRAMEWORK_SEARCH_PATHS = (
					"$(inherited)",
					/Users/Yurm/Developer/Frameworks/FacebookSDK,
					/Users/Yurm/Developer/Frameworks,
				);
				GCC_PRECOMPILE_PREFIX_HEADER = YES;
				GCC_PREFIX_HEADER = "Picnic/Picnic-Prefix.pch";
				INFOPLIST_FILE = "Picnic/Picnic-Info.plist";
				PRODUCT_NAME = "$(TARGET_NAME)";
				WRAPPER_EXTENSION = app;
			};
			name = Debug;
		};
		D8423BFC19219E0200E64C48 /* Release */ = {
			isa = XCBuildConfiguration;
			buildSettings = {
				ASSETCATALOG_COMPILER_APPICON_NAME = AppIcon;
				ASSETCATALOG_COMPILER_LAUNCHIMAGE_NAME = LaunchImage;
				FRAMEWORK_SEARCH_PATHS = (
					"$(inherited)",
					/Users/Yurm/Developer/Frameworks/FacebookSDK,
					/Users/Yurm/Developer/Frameworks,
				);
				GCC_PRECOMPILE_PREFIX_HEADER = YES;
				GCC_PREFIX_HEADER = "Picnic/Picnic-Prefix.pch";
				INFOPLIST_FILE = "Picnic/Picnic-Info.plist";
				PRODUCT_NAME = "$(TARGET_NAME)";
				WRAPPER_EXTENSION = app;
			};
			name = Release;
		};
		D8423BFE19219E0200E64C48 /* Debug */ = {
			isa = XCBuildConfiguration;
			buildSettings = {
				BUNDLE_LOADER = "$(BUILT_PRODUCTS_DIR)/Picnic.app/Picnic";
				FRAMEWORK_SEARCH_PATHS = (
					"$(SDKROOT)/Developer/Library/Frameworks",
					"$(inherited)",
					"$(DEVELOPER_FRAMEWORKS_DIR)",
				);
				GCC_PRECOMPILE_PREFIX_HEADER = YES;
				GCC_PREFIX_HEADER = "Picnic/Picnic-Prefix.pch";
				GCC_PREPROCESSOR_DEFINITIONS = (
					"DEBUG=1",
					"$(inherited)",
				);
				INFOPLIST_FILE = "PicnicTests/PicnicTests-Info.plist";
				PRODUCT_NAME = "$(TARGET_NAME)";
				TEST_HOST = "$(BUNDLE_LOADER)";
				WRAPPER_EXTENSION = xctest;
			};
			name = Debug;
		};
		D8423BFF19219E0200E64C48 /* Release */ = {
			isa = XCBuildConfiguration;
			buildSettings = {
				BUNDLE_LOADER = "$(BUILT_PRODUCTS_DIR)/Picnic.app/Picnic";
				FRAMEWORK_SEARCH_PATHS = (
					"$(SDKROOT)/Developer/Library/Frameworks",
					"$(inherited)",
					"$(DEVELOPER_FRAMEWORKS_DIR)",
				);
				GCC_PRECOMPILE_PREFIX_HEADER = YES;
				GCC_PREFIX_HEADER = "Picnic/Picnic-Prefix.pch";
				INFOPLIST_FILE = "PicnicTests/PicnicTests-Info.plist";
				PRODUCT_NAME = "$(TARGET_NAME)";
				TEST_HOST = "$(BUNDLE_LOADER)";
				WRAPPER_EXTENSION = xctest;
			};
			name = Release;
		};
/* End XCBuildConfiguration section */

/* Begin XCConfigurationList section */
		D8423BC019219E0200E64C48 /* Build configuration list for PBXProject "Picnic" */ = {
			isa = XCConfigurationList;
			buildConfigurations = (
				D8423BF819219E0200E64C48 /* Debug */,
				D8423BF919219E0200E64C48 /* Release */,
			);
			defaultConfigurationIsVisible = 0;
			defaultConfigurationName = Release;
		};
		D8423BFA19219E0200E64C48 /* Build configuration list for PBXNativeTarget "Picnic" */ = {
			isa = XCConfigurationList;
			buildConfigurations = (
				D8423BFB19219E0200E64C48 /* Debug */,
				D8423BFC19219E0200E64C48 /* Release */,
			);
			defaultConfigurationIsVisible = 0;
		};
		D8423BFD19219E0200E64C48 /* Build configuration list for PBXNativeTarget "PicnicTests" */ = {
			isa = XCConfigurationList;
			buildConfigurations = (
				D8423BFE19219E0200E64C48 /* Debug */,
				D8423BFF19219E0200E64C48 /* Release */,
			);
			defaultConfigurationIsVisible = 0;
		};
/* End XCConfigurationList section */
	};
	rootObject = D8423BBD19219E0200E64C48 /* Project object */;
}
